
Microsoft Visual Studio Solution File, Format Version 12.00
# Visual Studio Version 16
VisualStudioVersion = 16.0.35425.106
MinimumVisualStudioVersion = 10.0.40219.1
Project("{FAE04EC0-301F-11D3-BF4B-00C04F79EFBC}") = "Backup_Config", "Backup_Config\Backup_Config.csproj", "{27D20355-6B21-4C81-9A37-2B9FB766EC3B}"
EndProject
Global
	GlobalSection(SolutionConfigurationPlatforms) = preSolution
		Debug|Any CPU = Debug|Any CPU
		Release|Any CPU = Release|Any CPU
	EndGlobalSection
	GlobalSection(ProjectConfigurationPlatforms) = postSolution
		{27D20355-6B21-4C81-9A37-2B9FB766EC3B}.Debug|Any CPU.ActiveCfg = Debug|Any CPU
		{27D20355-6B21-4C81-9A37-2B9FB766EC3B}.Debug|Any CPU.Build.0 = Debug|Any CPU
		{27D20355-6B21-4C81-9A37-2B9FB766EC3B}.Release|Any CPU.ActiveCfg = Release|Any CPU
		{27D20355-6B21-4C81-9A37-2B9FB766EC3B}.Release|Any CPU.Build.0 = Release|Any CPU
	EndGlobalSection
	GlobalSection(SolutionProperties) = preSolution
		HideSolutionNode = FALSE
	EndGlobalSection
	GlobalSection(ExtensibilityGlobals) = postSolution
		SolutionGuid = {11D2437D-F1C0-48C6-8128-E6BCAF274B94}
	EndGlobalSection
EndGlobal
